
Microsoft Visual Studio Solution File, Format Version 12.00
Project("{FAE04EC0-301F-11D3-BF4B-00C04F79EFBC}") = "DerivationChainRule", "DerivationChainRule\DerivationChainRule.csproj", "{5DB44156-60BE-461B-8E92-E8C2226833B8}"
EndProject
Project("{FAE04EC0-301F-11D3-BF4B-00C04F79EFBC}") = "DerivationChainRule.UnitTests", "DerivationChainRule.UnitTests\DerivationChainRule.UnitTests.csproj", "{A7E498DC-A028-472F-850E-A7C1618330C3}"
EndProject
Global
	GlobalSection(SolutionConfigurationPlatforms) = preSolution
		Debug|Any CPU = Debug|Any CPU
		Release|Any CPU = Release|Any CPU
	EndGlobalSection
	GlobalSection(ProjectConfigurationPlatforms) = postSolution
		{5DB44156-60BE-461B-8E92-E8C2226833B8}.Debug|Any CPU.ActiveCfg = Debug|Any CPU
		{5DB44156-60BE-461B-8E92-E8C2226833B8}.Debug|Any CPU.Build.0 = Debug|Any CPU
		{5DB44156-60BE-461B-8E92-E8C2226833B8}.Release|Any CPU.ActiveCfg = Release|Any CPU
		{5DB44156-60BE-461B-8E92-E8C2226833B8}.Release|Any CPU.Build.0 = Release|Any CPU
		{A7E498DC-A028-472F-850E-A7C1618330C3}.Debug|Any CPU.ActiveCfg = Debug|Any CPU
		{A7E498DC-A028-472F-850E-A7C1618330C3}.Debug|Any CPU.Build.0 = Debug|Any CPU
		{A7E498DC-A028-472F-850E-A7C1618330C3}.Release|Any CPU.ActiveCfg = Release|Any CPU
		{A7E498DC-A028-472F-850E-A7C1618330C3}.Release|Any CPU.Build.0 = Release|Any CPU
	EndGlobalSection
EndGlobal
